// !$*UTF8*$!
{
	archiveVersion = 1;
	classes = {
	};
	objectVersion = 46;
	objects = {

/* Begin PBXBuildFile section */
		A09BDBCA1BE74994006C2B31 /* main.m in Sources */ = {isa = PBXBuildFile; fileRef = A09BDBC91BE74994006C2B31 /* main.m */; };
		A09BDBCD1BE74994006C2B31 /* AppDelegate.m in Sources */ = {isa = PBXBuildFile; fileRef = A09BDBCC1BE74994006C2B31 /* AppDelegate.m */; };
		A09BDBD01BE74994006C2B31 /* ViewController.m in Sources */ = {isa = PBXBuildFile; fileRef = A09BDBCF1BE74994006C2B31 /* ViewController.m */; };
		A09BDBD51BE74994006C2B31 /* Assets.xcassets in Resources */ = {isa = PBXBuildFile; fileRef = A09BDBD41BE74994006C2B31 /* Assets.xcassets */; };
		A09BDBD81BE74994006C2B31 /* LaunchScreen.storyboard in Resources */ = {isa = PBXBuildFile; fileRef = A09BDBD61BE74994006C2B31 /* LaunchScreen.storyboard */; };
		A09BDBE31BE74994006C2B31 /* HelloGitHubTests.m in Sources */ = {isa = PBXBuildFile; fileRef = A09BDBE21BE74994006C2B31 /* HelloGitHubTests.m */; };
		A09BDBEE1BE74994006C2B31 /* HelloGitHubUITests.m in Sources */ = {isa = PBXBuildFile; fileRef = A09BDBED1BE74994006C2B31 /* HelloGitHubUITests.m */; };
		A0B932EE1BE7536500579C98 /* BranchViewController.m in Sources */ = {isa = PBXBuildFile; fileRef = A0B932ED1BE7536500579C98 /* BranchViewController.m */; };
/* End PBXBuildFile section */

/* Begin PBXContainerItemProxy section */
		A09BDBDF1BE74994006C2B31 /* PBXContainerItemProxy */ = {
			isa = PBXContainerItemProxy;
			containerPortal = A09BDBBD1BE74994006C2B31 /* Project object */;
			proxyType = 1;
			remoteGlobalIDString = A09BDBC41BE74994006C2B31;
			remoteInfo = HelloGitHub;
		};
		A09BDBEA1BE74994006C2B31 /* PBXContainerItemProxy */ = {
			isa = PBXContainerItemProxy;
			containerPortal = A09BDBBD1BE74994006C2B31 /* Project object */;
			proxyType = 1;
			remoteGlobalIDString = A09BDBC41BE74994006C2B31;
			remoteInfo = HelloGitHub;
		};
/* End PBXContainerItemProxy section */

/* Begin PBXFileReference section */
		A09BDBC51BE74994006C2B31 /* HelloGitHub.app */ = {isa = PBXFileReference; explicitFileType = wrapper.application; includeInIndex = 0; path = HelloGitHub.app; sourceTree = BUILT_PRODUCTS_DIR; };
		A09BDBC91BE74994006C2B31 /* main.m */ = {isa = PBXFileReference; lastKnownFileType = sourcecode.c.objc; path = main.m; sourceTree = "<group>"; };
		A09BDBCB1BE74994006C2B31 /* AppDelegate.h */ = {isa = PBXFileReference; lastKnownFileType = sourcecode.c.h; path = AppDelegate.h; sourceTree = "<group>"; };
		A09BDBCC1BE74994006C2B31 /* AppDelegate.m */ = {isa = PBXFileReference; lastKnownFileType = sourcecode.c.objc; path = AppDelegate.m; sourceTree = "<group>"; };
		A09BDBCE1BE74994006C2B31 /* ViewController.h */ = {isa = PBXFileReference; lastKnownFileType = sourcecode.c.h; path = ViewController.h; sourceTree = "<group>"; };
		A09BDBCF1BE74994006C2B31 /* ViewController.m */ = {isa = PBXFileReference; lastKnownFileType = sourcecode.c.objc; path = ViewController.m; sourceTree = "<group>"; };
		A09BDBD41BE74994006C2B31 /* Assets.xcassets */ = {isa = PBXFileReference; lastKnownFileType = folder.assetcatalog; path = Assets.xcassets; sourceTree = "<group>"; };
		A09BDBD71BE74994006C2B31 /* Base */ = {isa = PBXFileReference; lastKnownFileType = file.storyboard; name = Base; path = Base.lproj/LaunchScreen.storyboard; sourceTree = "<group>"; };
		A09BDBD91BE74994006C2B31 /* Info.plist */ = {isa = PBXFileReference; lastKnownFileType = text.plist.xml; path = Info.plist; sourceTree = "<group>"; };
		A09BDBDE1BE74994006C2B31 /* HelloGitHubTests.xctest */ = {isa = PBXFileReference; explicitFileType = wrapper.cfbundle; includeInIndex = 0; path = HelloGitHubTests.xctest; sourceTree = BUILT_PRODUCTS_DIR; };
		A09BDBE21BE74994006C2B31 /* HelloGitHubTests.m */ = {isa = PBXFileReference; lastKnownFileType = sourcecode.c.objc; path = HelloGitHubTests.m; sourceTree = "<group>"; };
		A09BDBE41BE74994006C2B31 /* Info.plist */ = {isa = PBXFileReference; lastKnownFileType = text.plist.xml; path = Info.plist; sourceTree = "<group>"; };
		A09BDBE91BE74994006C2B31 /* HelloGitHubUITests.xctest */ = {isa = PBXFileReference; explicitFileType = wrapper.cfbundle; includeInIndex = 0; path = HelloGitHubUITests.xctest; sourceTree = BUILT_PRODUCTS_DIR; };
		A09BDBED1BE74994006C2B31 /* HelloGitHubUITests.m */ = {isa = PBXFileReference; lastKnownFileType = sourcecode.c.objc; path = HelloGitHubUITests.m; sourceTree = "<group>"; };
		A09BDBEF1BE74994006C2B31 /* Info.plist */ = {isa = PBXFileReference; lastKnownFileType = text.plist.xml; path = Info.plist; sourceTree = "<group>"; };
		A0B932EC1BE7536500579C98 /* BranchViewController.h */ = {isa = PBXFileReference; fileEncoding = 4; lastKnownFileType = sourcecode.c.h; path = BranchViewController.h; sourceTree = "<group>"; };
		A0B932ED1BE7536500579C98 /* BranchViewController.m */ = {isa = PBXFileReference; fileEncoding = 4; lastKnownFileType = sourcecode.c.objc; path = BranchViewController.m; sourceTree = "<group>"; };
/* End PBXFileReference section */

/* Begin PBXFrameworksBuildPhase section */
		A09BDBC21BE74994006C2B31 /* Frameworks */ = {
			isa = PBXFrameworksBuildPhase;
			buildActionMask = 2147483647;
			files = (
			);
			runOnlyForDeploymentPostprocessing = 0;
		};
		A09BDBDB1BE74994006C2B31 /* Frameworks */ = {
			isa = PBXFrameworksBuildPhase;
			buildActionMask = 2147483647;
			files = (
			);
			runOnlyForDeploymentPostprocessing = 0;
		};
		A09BDBE61BE74994006C2B31 /* Frameworks */ = {
			isa = PBXFrameworksBuildPhase;
			buildActionMask = 2147483647;
			files = (
			);
			runOnlyForDeploymentPostprocessing = 0;
		};
/* End PBXFrameworksBuildPhase section */

/* Begin PBXGroup section */
		A09BDBBC1BE74994006C2B31 = {
			isa = PBXGroup;
			children = (
				A09BDBC71BE74994006C2B31 /* HelloGitHub */,
				A09BDBE11BE74994006C2B31 /* HelloGitHubTests */,
				A09BDBEC1BE74994006C2B31 /* HelloGitHubUITests */,
				A09BDBC61BE74994006C2B31 /* Products */,
			);
			sourceTree = "<group>";
		};
		A09BDBC61BE74994006C2B31 /* Products */ = {
			isa = PBXGroup;
			children = (
				A09BDBC51BE74994006C2B31 /* HelloGitHub.app */,
				A09BDBDE1BE74994006C2B31 /* HelloGitHubTests.xctest */,
				A09BDBE91BE74994006C2B31 /* HelloGitHubUITests.xctest */,
			);
			name = Products;
			sourceTree = "<group>";
		};
		A09BDBC71BE74994006C2B31 /* HelloGitHub */ = {
			isa = PBXGroup;
			children = (
				A09BDBCB1BE74994006C2B31 /* AppDelegate.h */,
				A09BDBCC1BE74994006C2B31 /* AppDelegate.m */,
				A09BDBCE1BE74994006C2B31 /* ViewController.h */,
				A09BDBCF1BE74994006C2B31 /* ViewController.m */,
				A0B932EC1BE7536500579C98 /* BranchViewController.h */,
				A0B932ED1BE7536500579C98 /* BranchViewController.m */,
				A09BDBD41BE74994006C2B31 /* Assets.xcassets */,
				A09BDBD61BE74994006C2B31 /* LaunchScreen.storyboard */,
				A09BDBD91BE74994006C2B31 /* Info.plist */,
				A09BDBC81BE74994006C2B31 /* Supporting Files */,
			);
			path = HelloGitHub;
			sourceTree = "<group>";
		};
		A09BDBC81BE74994006C2B31 /* Supporting Files */ = {
			isa = PBXGroup;
			children = (
				A09BDBC91BE74994006C2B31 /* main.m */,
			);
			name = "Supporting Files";
			sourceTree = "<group>";
		};
		A09BDBE11BE74994006C2B31 /* HelloGitHubTests */ = {
			isa = PBXGroup;
			children = (
				A09BDBE21BE74994006C2B31 /* HelloGitHubTests.m */,
				A09BDBE41BE74994006C2B31 /* Info.plist */,
			);
			path = HelloGitHubTests;
			sourceTree = "<group>";
		};
		A09BDBEC1BE74994006C2B31 /* HelloGitHubUITests */ = {
			isa = PBXGroup;
			children = (
				A09BDBED1BE74994006C2B31 /* HelloGitHubUITests.m */,
				A09BDBEF1BE74994006C2B31 /* Info.plist */,
			);
			path = HelloGitHubUITests;
			sourceTree = "<group>";
		};
/* End PBXGroup section */

/* Begin PBXNativeTarget section */
		A09BDBC41BE74994006C2B31 /* HelloGitHub */ = {
			isa = PBXNativeTarget;
			buildConfigurationList = A09BDBF21BE74994006C2B31 /* Build configuration list for PBXNativeTarget "HelloGitHub" */;
			buildPhases = (
				A09BDBC11BE74994006C2B31 /* Sources */,
				A09BDBC21BE74994006C2B31 /* Frameworks */,
				A09BDBC31BE74994006C2B31 /* Resources */,
			);
			buildRules = (
			);
			dependencies = (
			);
			name = HelloGitHub;
			productName = HelloGitHub;
			productReference = A09BDBC51BE74994006C2B31 /* HelloGitHub.app */;
			productType = "com.apple.product-type.application";
		};
		A09BDBDD1BE74994006C2B31 /* HelloGitHubTests */ = {
			isa = PBXNativeTarget;
			buildConfigurationList = A09BDBF51BE74994006C2B31 /* Build configuration list for PBXNativeTarget "HelloGitHubTests" */;
			buildPhases = (
				A09BDBDA1BE74994006C2B31 /* Sources */,
				A09BDBDB1BE74994006C2B31 /* Frameworks */,
				A09BDBDC1BE74994006C2B31 /* Resources */,
			);
			buildRules = (
			);
			dependencies = (
				A09BDBE01BE74994006C2B31 /* PBXTargetDependency */,
			);
			name = HelloGitHubTests;
			productName = HelloGitHubTests;
			productReference = A09BDBDE1BE74994006C2B31 /* HelloGitHubTests.xctest */;
			productType = "com.apple.product-type.bundle.unit-test";
		};
		A09BDBE81BE74994006C2B31 /* HelloGitHubUITests */ = {
			isa = PBXNativeTarget;
			buildConfigurationList = A09BDBF81BE74994006C2B31 /* Build configuration list for PBXNativeTarget "HelloGitHubUITests" */;
			buildPhases = (
				A09BDBE51BE74994006C2B31 /* Sources */,
				A09BDBE61BE74994006C2B31 /* Frameworks */,
				A09BDBE71BE74994006C2B31 /* Resources */,
			);
			buildRules = (
			);
			dependencies = (
				A09BDBEB1BE74994006C2B31 /* PBXTargetDependency */,
			);
			name = HelloGitHubUITests;
			productName = HelloGitHubUITests;
			productReference = A09BDBE91BE74994006C2B31 /* HelloGitHubUITests.xctest */;
			productType = "com.apple.product-type.bundle.ui-testing";
		};
/* End PBXNativeTarget section */

/* Begin PBXProject section */
		A09BDBBD1BE74994006C2B31 /* Project object */ = {
			isa = PBXProject;
			attributes = {
				LastUpgradeCheck = 0710;
				ORGANIZATIONNAME = 1card1;
				TargetAttributes = {
					A09BDBC41BE74994006C2B31 = {
						CreatedOnToolsVersion = 7.1;
					};
					A09BDBDD1BE74994006C2B31 = {
						CreatedOnToolsVersion = 7.1;
						TestTargetID = A09BDBC41BE74994006C2B31;
					};
					A09BDBE81BE74994006C2B31 = {
						CreatedOnToolsVersion = 7.1;
						TestTargetID = A09BDBC41BE74994006C2B31;
					};
				};
			};
			buildConfigurationList = A09BDBC01BE74994006C2B31 /* Build configuration list for PBXProject "HelloGitHub" */;
			compatibilityVersion = "Xcode 3.2";
			developmentRegion = English;
			hasScannedForEncodings = 0;
			knownRegions = (
				en,
				Base,
			);
			mainGroup = A09BDBBC1BE74994006C2B31;
			productRefGroup = A09BDBC61BE74994006C2B31 /* Products */;
			projectDirPath = "";
			projectRoot = "";
			targets = (
				A09BDBC41BE74994006C2B31 /* HelloGitHub */,
				A09BDBDD1BE74994006C2B31 /* HelloGitHubTests */,
				A09BDBE81BE74994006C2B31 /* HelloGitHubUITests */,
			);
		};
/* End PBXProject section */

/* Begin PBXResourcesBuildPhase section */
		A09BDBC31BE74994006C2B31 /* Resources */ = {
			isa = PBXResourcesBuildPhase;
			buildActionMask = 2147483647;
			files = (
				A09BDBD81BE74994006C2B31 /* LaunchScreen.storyboard in Resources */,
				A09BDBD51BE74994006C2B31 /* Assets.xcassets in Resources */,
			);
			runOnlyForDeploymentPostprocessing = 0;
		};
		A09BDBDC1BE74994006C2B31 /* Resources */ = {
			isa = PBXResourcesBuildPhase;
			buildActionMask = 2147483647;
			files = (
			);
			runOnlyForDeploymentPostprocessing = 0;
		};
		A09BDBE71BE74994006C2B31 /* Resources */ = {
			isa = PBXResourcesBuildPhase;
			buildActionMask = 2147483647;
			files = (
			);
			runOnlyForDeploymentPostprocessing = 0;
		};
/* End PBXResourcesBuildPhase section */

/* Begin PBXSourcesBuildPhase section */
		A09BDBC11BE74994006C2B31 /* Sources */ = {
			isa = PBXSourcesBuildPhase;
			buildActionMask = 2147483647;
			files = (
				A09BDBD01BE74994006C2B31 /* ViewController.m in Sources */,
				A09BDBCD1BE74994006C2B31 /* AppDelegate.m in Sources */,
				A0B932EE1BE7536500579C98 /* BranchViewController.m in Sources */,
				A09BDBCA1BE74994006C2B31 /* main.m in Sources */,
			);
			runOnlyForDeploymentPostprocessing = 0;
		};
		A09BDBDA1BE74994006C2B31 /* Sources */ = {
			isa = PBXSourcesBuildPhase;
			buildActionMask = 2147483647;
			files = (
				A09BDBE31BE74994006C2B31 /* HelloGitHubTests.m in Sources */,
			);
			runOnlyForDeploymentPostprocessing = 0;
		};
		A09BDBE51BE74994006C2B31 /* Sources */ = {
			isa = PBXSourcesBuildPhase;
			buildActionMask = 2147483647;
			files = (
				A09BDBEE1BE74994006C2B31 /* HelloGitHubUITests.m in Sources */,
			);
			runOnlyForDeploymentPostprocessing = 0;
		};
/* End PBXSourcesBuildPhase section */

/* Begin PBXTargetDependency section */
		A09BDBE01BE74994006C2B31 /* PBXTargetDependency */ = {
			isa = PBXTargetDependency;
			target = A09BDBC41BE74994006C2B31 /* HelloGitHub */;
			targetProxy = A09BDBDF1BE74994006C2B31 /* PBXContainerItemProxy */;
		};
		A09BDBEB1BE74994006C2B31 /* PBXTargetDependency */ = {
			isa = PBXTargetDependency;
			target = A09BDBC41BE74994006C2B31 /* HelloGitHub */;
			targetProxy = A09BDBEA1BE74994006C2B31 /* PBXContainerItemProxy */;
		};
/* End PBXTargetDependency section */

/* Begin PBXVariantGroup section */
		A09BDBD61BE74994006C2B31 /* LaunchScreen.storyboard */ = {
			isa = PBXVariantGroup;
			children = (
				A09BDBD71BE74994006C2B31 /* Base */,
			);
			name = LaunchScreen.storyboard;
			sourceTree = "<group>";
		};
/* End PBXVariantGroup section */

/* Begin XCBuildConfiguration section */
		A09BDBF01BE74994006C2B31 /* Debug */ = {
			isa = XCBuildConfiguration;
			buildSettings = {
				ALWAYS_SEARCH_USER_PATHS = NO;
				CLANG_CXX_LANGUAGE_STANDARD = "gnu++0x";
				CLANG_CXX_LIBRARY = "libc++";
				CLANG_ENABLE_MODULES = YES;
				CLANG_ENABLE_OBJC_ARC = YES;
				CLANG_WARN_BOOL_CONVERSION = YES;
				CLANG_WARN_CONSTANT_CONVERSION = YES;
				CLANG_WARN_DIRECT_OBJC_ISA_USAGE = YES_ERROR;
				CLANG_WARN_EMPTY_BODY = YES;
				CLANG_WARN_ENUM_CONVERSION = YES;
				CLANG_WARN_INT_CONVERSION = YES;
				CLANG_WARN_OBJC_ROOT_CLASS = YES_ERROR;
				CLANG_WARN_UNREACHABLE_CODE = YES;
				CLANG_WARN__DUPLICATE_METHOD_MATCH = YES;
				"CODE_SIGN_IDENTITY[sdk=iphoneos*]" = "iPhone Developer";
				COPY_PHASE_STRIP = NO;
				DEBUG_INFORMATION_FORMAT = dwarf;
				ENABLE_STRICT_OBJC_MSGSEND = YES;
				ENABLE_TESTABILITY = YES;
				GCC_C_LANGUAGE_STANDARD = gnu99;
				GCC_DYNAMIC_NO_PIC = NO;
				GCC_NO_COMMON_BLOCKS = YES;
				GCC_OPTIMIZATION_LEVEL = 0;
				GCC_PREPROCESSOR_DEFINITIONS = (
					"DEBUG=1",
					"$(inherited)",
				);
				GCC_WARN_64_TO_32_BIT_CONVERSION = YES;
				GCC_WARN_ABOUT_RETURN_TYPE = YES_ERROR;
				GCC_WARN_UNDECLARED_SELECTOR = YES;
				GCC_WARN_UNINITIALIZED_AUTOS = YES_AGGRESSIVE;
				GCC_WARN_UNUSED_FUNCTION = YES;
				GCC_WARN_UNUSED_VARIABLE = YES;
				IPHONEOS_DEPLOYMENT_TARGET = 9.1;
				MTL_ENABLE_DEBUG_INFO = YES;
				ONLY_ACTIVE_ARCH = YES;
				SDKROOT = iphoneos;
			};
			name = Debug;
		};
		A09BDBF11BE74994006C2B31 /* Release */ = {
			isa = XCBuildConfiguration;
			buildSettings = {
				ALWAYS_SEARCH_USER_PATHS = NO;
				CLANG_CXX_LANGUAGE_STANDARD = "gnu++0x";
				CLANG_CXX_LIBRARY = "libc++";
				CLANG_ENABLE_MODULES = YES;
				CLANG_ENABLE_OBJC_ARC = YES;
				CLANG_WARN_BOOL_CONVERSION = YES;
				CLANG_WARN_CONSTANT_CONVERSION = YES;
				CLANG_WARN_DIRECT_OBJC_ISA_USAGE = YES_ERROR;
				CLANG_WARN_EMPTY_BODY = YES;
				CLANG_WARN_ENUM_CONVERSION = YES;
				CLANG_WARN_INT_CONVERSION = YES;
				CLANG_WARN_OBJC_ROOT_CLASS = YES_ERROR;
				CLANG_WARN_UNREACHABLE_CODE = YES;
				CLANG_WARN__DUPLICATE_METHOD_MATCH = YES;
				"CODE_SIGN_IDENTITY[sdk=iphoneos*]" = "iPhone Developer";
				COPY_PHASE_STRIP = NO;
				DEBUG_INFORMATION_FORMAT = "dwarf-with-dsym";
				ENABLE_NS_ASSERTIONS = NO;
				ENABLE_STRICT_OBJC_MSGSEND = YES;
				GCC_C_LANGUAGE_STANDARD = gnu99;
				GCC_NO_COMMON_BLOCKS = YES;
				GCC_WARN_64_TO_32_BIT_CONVERSION = YES;
				GCC_WARN_ABOUT_RETURN_TYPE = YES_ERROR;
				GCC_WARN_UNDECLARED_SELECTOR = YES;
				GCC_WARN_UNINITIALIZED_AUTOS = YES_AGGRESSIVE;
				GCC_WARN_UNUSED_FUNCTION = YES;
				GCC_WARN_UNUSED_VARIABLE = YES;
				IPHONEOS_DEPLOYMENT_TARGET = 9.1;
				MTL_ENABLE_DEBUG_INFO = NO;
				SDKROOT = iphoneos;
				VALIDATE_PRODUCT = YES;
			};
			name = Release;
		};
		A09BDBF31BE74994006C2B31 /* Debug */ = {
			isa = XCBuildConfiguration;
			buildSettings = {
				ASSETCATALOG_COMPILER_APPICON_NAME = AppIcon;
				INFOPLIST_FILE = HelloGitHub/Info.plist;
				LD_RUNPATH_SEARCH_PATHS = "$(inherited) @executable_path/Frameworks";
				PRODUCT_BUNDLE_IDENTIFIER = com.1Carda.HelloGitHub;
				PRODUCT_NAME = "$(TARGET_NAME)";
			};
			name = Debug;
		};
		A09BDBF41BE74994006C2B31 /* Release */ = {
			isa = XCBuildConfiguration;
			buildSettings = {
				ASSETCATALOG_COMPILER_APPICON_NAME = AppIcon;
				INFOPLIST_FILE = HelloGitHub/Info.plist;
				LD_RUNPATH_SEARCH_PATHS = "$(inherited) @executable_path/Frameworks";
				PRODUCT_BUNDLE_IDENTIFIER = com.1Carda.HelloGitHub;
				PRODUCT_NAME = "$(TARGET_NAME)";
			};
			name = Release;
		};
		A09BDBF61BE74994006C2B31 /* Debug */ = {
			isa = XCBuildConfiguration;
			buildSettings = {
				BUNDLE_LOADER = "$(TEST_HOST)";
				INFOPLIST_FILE = HelloGitHubTests/Info.plist;
				LD_RUNPATH_SEARCH_PATHS = "$(inherited) @executable_path/Frameworks @loader_path/Frameworks";
				PRODUCT_BUNDLE_IDENTIFIER = com.1Carda.HelloGitHubTests;
				PRODUCT_NAME = "$(TARGET_NAME)";
				TEST_HOST = "$(BUILT_PRODUCTS_DIR)/HelloGitHub.app/HelloGitHub";
			};
			name = Debug;
		};
		A09BDBF71BE74994006C2B31 /* Release */ = {
			isa = XCBuildConfiguration;
			buildSettings = {
				BUNDLE_LOADER = "$(TEST_HOST)";
				INFOPLIST_FILE = HelloGitHubTests/Info.plist;
				LD_RUNPATH_SEARCH_PATHS = "$(inherited) @executable_path/Frameworks @loader_path/Frameworks";
				PRODUCT_BUNDLE_IDENTIFIER = com.1Carda.HelloGitHubTests;
				PRODUCT_NAME = "$(TARGET_NAME)";
				TEST_HOST = "$(BUILT_PRODUCTS_DIR)/HelloGitHub.app/HelloGitHub";
			};
			name = Release;
		};
		A09BDBF91BE74994006C2B31 /* Debug */ = {
			isa = XCBuildConfiguration;
			buildSettings = {
				INFOPLIST_FILE = HelloGitHubUITests/Info.plist;
				LD_RUNPATH_SEARCH_PATHS = "$(inherited) @executable_path/Frameworks @loader_path/Frameworks";
				PRODUCT_BUNDLE_IDENTIFIER = com.1Carda.HelloGitHubUITests;
				PRODUCT_NAME = "$(TARGET_NAME)";
				TEST_TARGET_NAME = HelloGitHub;
				USES_XCTRUNNER = YES;
			};
			name = Debug;
		};
		A09BDBFA1BE74994006C2B31 /* Release */ = {
			isa = XCBuildConfiguration;
			buildSettings = {
				INFOPLIST_FILE = HelloGitHubUITests/Info.plist;
				LD_RUNPATH_SEARCH_PATHS = "$(inherited) @executable_path/Frameworks @loader_path/Frameworks";
				PRODUCT_BUNDLE_IDENTIFIER = com.1Carda.HelloGitHubUITests;
				PRODUCT_NAME = "$(TARGET_NAME)";
				TEST_TARGET_NAME = HelloGitHub;
				USES_XCTRUNNER = YES;
			};
			name = Release;
		};
/* End XCBuildConfiguration section */

/* Begin XCConfigurationList section */
		A09BDBC01BE74994006C2B31 /* Build configuration list for PBXProject "HelloGitHub" */ = {
			isa = XCConfigurationList;
			buildConfigurations = (
				A09BDBF01BE74994006C2B31 /* Debug */,
				A09BDBF11BE74994006C2B31 /* Release */,
			);
			defaultConfigurationIsVisible = 0;
			defaultConfigurationName = Release;
		};
		A09BDBF21BE74994006C2B31 /* Build configuration list for PBXNativeTarget "HelloGitHub" */ = {
			isa = XCConfigurationList;
			buildConfigurations = (
				A09BDBF31BE74994006C2B31 /* Debug */,
				A09BDBF41BE74994006C2B31 /* Release */,
			);
			defaultConfigurationIsVisible = 0;
			defaultConfigurationName = Release;
		};
		A09BDBF51BE74994006C2B31 /* Build configuration list for PBXNativeTarget "HelloGitHubTests" */ = {
			isa = XCConfigurationList;
			buildConfigurations = (
				A09BDBF61BE74994006C2B31 /* Debug */,
				A09BDBF71BE74994006C2B31 /* Release */,
			);
			defaultConfigurationIsVisible = 0;
			defaultConfigurationName = Release;
		};
		A09BDBF81BE74994006C2B31 /* Build configuration list for PBXNativeTarget "HelloGitHubUITests" */ = {
			isa = XCConfigurationList;
			buildConfigurations = (
				A09BDBF91BE74994006C2B31 /* Debug */,
				A09BDBFA1BE74994006C2B31 /* Release */,
			);
			defaultConfigurationIsVisible = 0;
			defaultConfigurationName = Release;
		};
/* End XCConfigurationList section */
	};
	rootObject = A09BDBBD1BE74994006C2B31 /* Project object */;
}
